
Microsoft Visual Studio Solution File, Format Version 12.00
# Visual Studio 15
VisualStudioVersion = 15.0.26730.16
MinimumVisualStudioVersion = 10.0.40219.1
Project("{9A19103F-16F7-4668-BE54-9A1E7A4F7556}") = "School.Models", "School.Models\School.Models.csproj", "{68C116AA-B870-4B97-8F79-35FB967229D6}"
EndProject
Project("{9A19103F-16F7-4668-BE54-9A1E7A4F7556}") = "School.Repositories", "School.Repositories\School.Repositories.csproj", "{C17BAE93-99F3-4FAF-B1E8-A947E7F40D27}"
EndProject
Project("{2150E333-8FDC-42A3-9474-1A3956D46DE8}") = "Data", "Data", "{0CB396FC-09FF-4275-95F0-19BEB740F4E3}"
EndProject
Project("{9A19103F-16F7-4668-BE54-9A1E7A4F7556}") = "School.Repositories.Dapper", "School.Repositories.Dapper\School.Repositories.Dapper.csproj", "{089971F9-522A-405E-A9A7-5CA40EB10B30}"
EndProject
Project("{9A19103F-16F7-4668-BE54-9A1E7A4F7556}") = "School.UnitOfWork", "School.UnitOfWork\School.UnitOfWork.csproj", "{EF084BCA-913D-4A3C-B152-32A0E692A99A}"
EndProject
Project("{2150E333-8FDC-42A3-9474-1A3956D46DE8}") = "Test", "Test", "{E14EFACE-5DCE-4819-BE80-4352B7FBB851}"
EndProject
Project("{2150E333-8FDC-42A3-9474-1A3956D46DE8}") = "Web", "Web", "{C3FE695B-4A69-48EA-A3D4-24874F4D3B7A}"
EndProject
Project("{9A19103F-16F7-4668-BE54-9A1E7A4F7556}") = "School.WebApi", "School.WebApi\School.WebApi.csproj", "{683BEA9A-66FC-4471-A96B-11DA8C3887ED}"
EndProject
Project("{FAE04EC0-301F-11D3-BF4B-00C04F79EFBC}") = "School.WebApi.Test", "School.WebApi.Test\School.WebApi.Test.csproj", "{E395AD4A-3D08-45C4-A584-B9B1E6E7C32F}"
EndProject
Project("{FAE04EC0-301F-11D3-BF4B-00C04F79EFBC}") = "School.Mocked", "School.Mocked\School.Mocked.csproj", "{EDFFD0D9-83E0-4F86-BDDD-A8224D1B4933}"
EndProject
Global
	GlobalSection(SolutionConfigurationPlatforms) = preSolution
		Debug|Any CPU = Debug|Any CPU
		Release|Any CPU = Release|Any CPU
	EndGlobalSection
	GlobalSection(ProjectConfigurationPlatforms) = postSolution
		{68C116AA-B870-4B97-8F79-35FB967229D6}.Debug|Any CPU.ActiveCfg = Debug|Any CPU
		{68C116AA-B870-4B97-8F79-35FB967229D6}.Debug|Any CPU.Build.0 = Debug|Any CPU
		{68C116AA-B870-4B97-8F79-35FB967229D6}.Release|Any CPU.ActiveCfg = Release|Any CPU
		{68C116AA-B870-4B97-8F79-35FB967229D6}.Release|Any CPU.Build.0 = Release|Any CPU
		{C17BAE93-99F3-4FAF-B1E8-A947E7F40D27}.Debug|Any CPU.ActiveCfg = Debug|Any CPU
		{C17BAE93-99F3-4FAF-B1E8-A947E7F40D27}.Debug|Any CPU.Build.0 = Debug|Any CPU
		{C17BAE93-99F3-4FAF-B1E8-A947E7F40D27}.Release|Any CPU.ActiveCfg = Release|Any CPU
		{C17BAE93-99F3-4FAF-B1E8-A947E7F40D27}.Release|Any CPU.Build.0 = Release|Any CPU
		{089971F9-522A-405E-A9A7-5CA40EB10B30}.Debug|Any CPU.ActiveCfg = Debug|Any CPU
		{089971F9-522A-405E-A9A7-5CA40EB10B30}.Debug|Any CPU.Build.0 = Debug|Any CPU
		{089971F9-522A-405E-A9A7-5CA40EB10B30}.Release|Any CPU.ActiveCfg = Release|Any CPU
		{089971F9-522A-405E-A9A7-5CA40EB10B30}.Release|Any CPU.Build.0 = Release|Any CPU
		{EF084BCA-913D-4A3C-B152-32A0E692A99A}.Debug|Any CPU.ActiveCfg = Debug|Any CPU
		{EF084BCA-913D-4A3C-B152-32A0E692A99A}.Debug|Any CPU.Build.0 = Debug|Any CPU
		{EF084BCA-913D-4A3C-B152-32A0E692A99A}.Release|Any CPU.ActiveCfg = Release|Any CPU
		{EF084BCA-913D-4A3C-B152-32A0E692A99A}.Release|Any CPU.Build.0 = Release|Any CPU
		{683BEA9A-66FC-4471-A96B-11DA8C3887ED}.Debug|Any CPU.ActiveCfg = Debug|Any CPU
		{683BEA9A-66FC-4471-A96B-11DA8C3887ED}.Debug|Any CPU.Build.0 = Debug|Any CPU
		{683BEA9A-66FC-4471-A96B-11DA8C3887ED}.Release|Any CPU.ActiveCfg = Release|Any CPU
		{683BEA9A-66FC-4471-A96B-11DA8C3887ED}.Release|Any CPU.Build.0 = Release|Any CPU
		{E395AD4A-3D08-45C4-A584-B9B1E6E7C32F}.Debug|Any CPU.ActiveCfg = Debug|Any CPU
		{E395AD4A-3D08-45C4-A584-B9B1E6E7C32F}.Debug|Any CPU.Build.0 = Debug|Any CPU
		{E395AD4A-3D08-45C4-A584-B9B1E6E7C32F}.Release|Any CPU.ActiveCfg = Release|Any CPU
		{E395AD4A-3D08-45C4-A584-B9B1E6E7C32F}.Release|Any CPU.Build.0 = Release|Any CPU
		{EDFFD0D9-83E0-4F86-BDDD-A8224D1B4933}.Debug|Any CPU.ActiveCfg = Debug|Any CPU
		{EDFFD0D9-83E0-4F86-BDDD-A8224D1B4933}.Debug|Any CPU.Build.0 = Debug|Any CPU
		{EDFFD0D9-83E0-4F86-BDDD-A8224D1B4933}.Release|Any CPU.ActiveCfg = Release|Any CPU
		{EDFFD0D9-83E0-4F86-BDDD-A8224D1B4933}.Release|Any CPU.Build.0 = Release|Any CPU
	EndGlobalSection
	GlobalSection(SolutionProperties) = preSolution
		HideSolutionNode = FALSE
	EndGlobalSection
	GlobalSection(NestedProjects) = preSolution
		{68C116AA-B870-4B97-8F79-35FB967229D6} = {0CB396FC-09FF-4275-95F0-19BEB740F4E3}
		{C17BAE93-99F3-4FAF-B1E8-A947E7F40D27} = {0CB396FC-09FF-4275-95F0-19BEB740F4E3}
		{089971F9-522A-405E-A9A7-5CA40EB10B30} = {0CB396FC-09FF-4275-95F0-19BEB740F4E3}
		{EF084BCA-913D-4A3C-B152-32A0E692A99A} = {0CB396FC-09FF-4275-95F0-19BEB740F4E3}
		{683BEA9A-66FC-4471-A96B-11DA8C3887ED} = {C3FE695B-4A69-48EA-A3D4-24874F4D3B7A}
		{E395AD4A-3D08-45C4-A584-B9B1E6E7C32F} = {E14EFACE-5DCE-4819-BE80-4352B7FBB851}
		{EDFFD0D9-83E0-4F86-BDDD-A8224D1B4933} = {E14EFACE-5DCE-4819-BE80-4352B7FBB851}
	EndGlobalSection
	GlobalSection(ExtensibilityGlobals) = postSolution
		SolutionGuid = {60164A6C-5690-4666-93F2-08730A03C20F}
	EndGlobalSection
EndGlobal
